// !$*UTF8*$!
{
	archiveVersion = 1;
	classes = {
	};
	objectVersion = 50;
	objects = {

/* Begin PBXBuildFile section */
		09197DFF2107A685007A93DC /* NotificationSettingsViewController+Protocols.swift in Sources */ = {isa = PBXBuildFile; fileRef = 09197DFE2107A685007A93DC /* NotificationSettingsViewController+Protocols.swift */; };
		0932C42920DA862200B18333 /* NotificationBuilder.swift in Sources */ = {isa = PBXBuildFile; fileRef = 0932C42820DA862200B18333 /* NotificationBuilder.swift */; };
		09337FAC20C1848D00419B1D /* UIView+AddAnchor.swift in Sources */ = {isa = PBXBuildFile; fileRef = 09337FAB20C1848D00419B1D /* UIView+AddAnchor.swift */; };
		0943209120E5006B00587DE3 /* Alert.swift in Sources */ = {isa = PBXBuildFile; fileRef = 0943209020E5006B00587DE3 /* Alert.swift */; };
		0953406F20BE92B000FCA5DD /* AppDelegate.swift in Sources */ = {isa = PBXBuildFile; fileRef = 0953406E20BE92B000FCA5DD /* AppDelegate.swift */; };
		0953407120BE92B000FCA5DD /* ViewController.swift in Sources */ = {isa = PBXBuildFile; fileRef = 0953407020BE92B000FCA5DD /* ViewController.swift */; };
		0953407420BE92B000FCA5DD /* Main.storyboard in Resources */ = {isa = PBXBuildFile; fileRef = 0953407220BE92B000FCA5DD /* Main.storyboard */; };
		0953407620BE92B200FCA5DD /* Assets.xcassets in Resources */ = {isa = PBXBuildFile; fileRef = 0953407520BE92B200FCA5DD /* Assets.xcassets */; };
		0953407920BE92B200FCA5DD /* LaunchScreen.storyboard in Resources */ = {isa = PBXBuildFile; fileRef = 0953407720BE92B200FCA5DD /* LaunchScreen.storyboard */; };
		0953408620BEC97700FCA5DD /* TaskListViewController.swift in Sources */ = {isa = PBXBuildFile; fileRef = 0953408520BEC97700FCA5DD /* TaskListViewController.swift */; };
		0953408A20BEC9BF00FCA5DD /* TaskListRouter.swift in Sources */ = {isa = PBXBuildFile; fileRef = 0953408920BEC9BF00FCA5DD /* TaskListRouter.swift */; };
		0953408C20BED11C00FCA5DD /* TaskListPresenter.swift in Sources */ = {isa = PBXBuildFile; fileRef = 0953408B20BED11C00FCA5DD /* TaskListPresenter.swift */; };
		0953408E20BED14C00FCA5DD /* TaskListViewController+Protocols.swift in Sources */ = {isa = PBXBuildFile; fileRef = 0953408D20BED14C00FCA5DD /* TaskListViewController+Protocols.swift */; };
		0953409520BEDB5800FCA5DD /* UserDefaultsDataManager.swift in Sources */ = {isa = PBXBuildFile; fileRef = 0953409420BEDB5800FCA5DD /* UserDefaultsDataManager.swift */; };
		095870F520BFDEAE005A4D6F /* CreateTaskRouter.swift in Sources */ = {isa = PBXBuildFile; fileRef = 095870F420BFDEAE005A4D6F /* CreateTaskRouter.swift */; };
		095870F720BFDF00005A4D6F /* CreateTaskViewController.swift in Sources */ = {isa = PBXBuildFile; fileRef = 095870F620BFDF00005A4D6F /* CreateTaskViewController.swift */; };
		095870F920BFDF2E005A4D6F /* CreateTaskPresenter.swift in Sources */ = {isa = PBXBuildFile; fileRef = 095870F820BFDF2E005A4D6F /* CreateTaskPresenter.swift */; };
		095CCC2020FCD34B00CE8C68 /* NotificationSettingsViewController.swift in Sources */ = {isa = PBXBuildFile; fileRef = 095CCC1F20FCD34B00CE8C68 /* NotificationSettingsViewController.swift */; };
		095CCC2220FCD36400CE8C68 /* NotificationSettingsViewController.storyboard in Resources */ = {isa = PBXBuildFile; fileRef = 095CCC2120FCD36400CE8C68 /* NotificationSettingsViewController.storyboard */; };
		095CCC2720FCE0E500CE8C68 /* NotificationSettingsPresenter.swift in Sources */ = {isa = PBXBuildFile; fileRef = 095CCC2620FCE0E500CE8C68 /* NotificationSettingsPresenter.swift */; };
		095CCC2920FCE0ED00CE8C68 /* NotificationSettingsRouter.swift in Sources */ = {isa = PBXBuildFile; fileRef = 095CCC2820FCE0ED00CE8C68 /* NotificationSettingsRouter.swift */; };
		096D5FC120D4060900DA8D59 /* PushService.swift in Sources */ = {isa = PBXBuildFile; fileRef = 096D5FC020D4060900DA8D59 /* PushService.swift */; };
		0978430120E0CCFB000D577A /* DateConverter.swift in Sources */ = {isa = PBXBuildFile; fileRef = 0978430020E0CCFB000D577A /* DateConverter.swift */; };
		09B9F1E420E27A32002BBA65 /* Strings.swift in Sources */ = {isa = PBXBuildFile; fileRef = 09B9F1E320E27A32002BBA65 /* Strings.swift */; };
		09B9F1E720E2839F002BBA65 /* DatePickerView.swift in Sources */ = {isa = PBXBuildFile; fileRef = 09B9F1E620E2839F002BBA65 /* DatePickerView.swift */; };
		09E4EC5420C18FD900C67B45 /* CreateTaskViewController+Protocols.swift in Sources */ = {isa = PBXBuildFile; fileRef = 09E4EC5320C18FD900C67B45 /* CreateTaskViewController+Protocols.swift */; };
		09F01AEB20BEDFE800CB4F5F /* DataManager.swift in Sources */ = {isa = PBXBuildFile; fileRef = 09F01AEA20BEDFE800CB4F5F /* DataManager.swift */; };
		09F01AEE20BEE0A500CB4F5F /* TaskModel.swift in Sources */ = {isa = PBXBuildFile; fileRef = 09F01AED20BEE0A500CB4F5F /* TaskModel.swift */; };
		09F01AF120BEE21D00CB4F5F /* App+AppDelegate.swift in Sources */ = {isa = PBXBuildFile; fileRef = 09F01AF020BEE21D00CB4F5F /* App+AppDelegate.swift */; };
		09F01AF420BEE3DA00CB4F5F /* TaskCell.swift in Sources */ = {isa = PBXBuildFile; fileRef = 09F01AF320BEE3DA00CB4F5F /* TaskCell.swift */; };
		09F01AF620BEE58700CB4F5F /* TaskCell.xib in Resources */ = {isa = PBXBuildFile; fileRef = 09F01AF520BEE58700CB4F5F /* TaskCell.xib */; };
		09F01AF820BEE80B00CB4F5F /* UIView+LoadFromNib.swift in Sources */ = {isa = PBXBuildFile; fileRef = 09F01AF720BEE80B00CB4F5F /* UIView+LoadFromNib.swift */; };
		09F01AFB20BEEBEB00CB4F5F /* TaskListViewController+TableDataSource.swift in Sources */ = {isa = PBXBuildFile; fileRef = 09F01AFA20BEEBEB00CB4F5F /* TaskListViewController+TableDataSource.swift */; };
		09F01B0420BEED0F00CB4F5F /* NSObject+StringFromClass.swift in Sources */ = {isa = PBXBuildFile; fileRef = 09F01B0320BEED0E00CB4F5F /* NSObject+StringFromClass.swift */; };
		09F01B0620BEF5FD00CB4F5F /* TableDataSource.swift in Sources */ = {isa = PBXBuildFile; fileRef = 09F01B0520BEF5FD00CB4F5F /* TableDataSource.swift */; };
/* End PBXBuildFile section */

/* Begin PBXFileReference section */
		09197DFE2107A685007A93DC /* NotificationSettingsViewController+Protocols.swift */ = {isa = PBXFileReference; lastKnownFileType = sourcecode.swift; path = "NotificationSettingsViewController+Protocols.swift"; sourceTree = "<group>"; };
		0932C42820DA862200B18333 /* NotificationBuilder.swift */ = {isa = PBXFileReference; lastKnownFileType = sourcecode.swift; path = NotificationBuilder.swift; sourceTree = "<group>"; };
		09337FAB20C1848D00419B1D /* UIView+AddAnchor.swift */ = {isa = PBXFileReference; fileEncoding = 4; lastKnownFileType = sourcecode.swift; path = "UIView+AddAnchor.swift"; sourceTree = "<group>"; };
		0943209020E5006B00587DE3 /* Alert.swift */ = {isa = PBXFileReference; lastKnownFileType = sourcecode.swift; path = Alert.swift; sourceTree = "<group>"; };
		0953406B20BE92B000FCA5DD /* Todo List.app */ = {isa = PBXFileReference; explicitFileType = wrapper.application; includeInIndex = 0; path = "Todo List.app"; sourceTree = BUILT_PRODUCTS_DIR; };
		0953406E20BE92B000FCA5DD /* AppDelegate.swift */ = {isa = PBXFileReference; lastKnownFileType = sourcecode.swift; path = AppDelegate.swift; sourceTree = "<group>"; };
		0953407020BE92B000FCA5DD /* ViewController.swift */ = {isa = PBXFileReference; lastKnownFileType = sourcecode.swift; path = ViewController.swift; sourceTree = "<group>"; };
		0953407320BE92B000FCA5DD /* Base */ = {isa = PBXFileReference; lastKnownFileType = file.storyboard; name = Base; path = Base.lproj/Main.storyboard; sourceTree = "<group>"; };
		0953407520BE92B200FCA5DD /* Assets.xcassets */ = {isa = PBXFileReference; lastKnownFileType = folder.assetcatalog; path = Assets.xcassets; sourceTree = "<group>"; };
		0953407820BE92B200FCA5DD /* Base */ = {isa = PBXFileReference; lastKnownFileType = file.storyboard; name = Base; path = Base.lproj/LaunchScreen.storyboard; sourceTree = "<group>"; };
		0953407A20BE92B200FCA5DD /* Info.plist */ = {isa = PBXFileReference; lastKnownFileType = text.plist.xml; path = Info.plist; sourceTree = "<group>"; };
		0953408520BEC97700FCA5DD /* TaskListViewController.swift */ = {isa = PBXFileReference; lastKnownFileType = sourcecode.swift; path = TaskListViewController.swift; sourceTree = "<group>"; };
		0953408920BEC9BF00FCA5DD /* TaskListRouter.swift */ = {isa = PBXFileReference; lastKnownFileType = sourcecode.swift; path = TaskListRouter.swift; sourceTree = "<group>"; };
		0953408B20BED11C00FCA5DD /* TaskListPresenter.swift */ = {isa = PBXFileReference; lastKnownFileType = sourcecode.swift; path = TaskListPresenter.swift; sourceTree = "<group>"; };
		0953408D20BED14C00FCA5DD /* TaskListViewController+Protocols.swift */ = {isa = PBXFileReference; lastKnownFileType = sourcecode.swift; path = "TaskListViewController+Protocols.swift"; sourceTree = "<group>"; };
		0953409420BEDB5800FCA5DD /* UserDefaultsDataManager.swift */ = {isa = PBXFileReference; lastKnownFileType = sourcecode.swift; path = UserDefaultsDataManager.swift; sourceTree = "<group>"; };
		095870F420BFDEAE005A4D6F /* CreateTaskRouter.swift */ = {isa = PBXFileReference; lastKnownFileType = sourcecode.swift; path = CreateTaskRouter.swift; sourceTree = "<group>"; };
		095870F620BFDF00005A4D6F /* CreateTaskViewController.swift */ = {isa = PBXFileReference; lastKnownFileType = sourcecode.swift; path = CreateTaskViewController.swift; sourceTree = "<group>"; };
		095870F820BFDF2E005A4D6F /* CreateTaskPresenter.swift */ = {isa = PBXFileReference; lastKnownFileType = sourcecode.swift; path = CreateTaskPresenter.swift; sourceTree = "<group>"; };
		095CCC1F20FCD34B00CE8C68 /* NotificationSettingsViewController.swift */ = {isa = PBXFileReference; lastKnownFileType = sourcecode.swift; path = NotificationSettingsViewController.swift; sourceTree = "<group>"; };
		095CCC2120FCD36400CE8C68 /* NotificationSettingsViewController.storyboard */ = {isa = PBXFileReference; lastKnownFileType = file.storyboard; path = NotificationSettingsViewController.storyboard; sourceTree = "<group>"; };
		095CCC2620FCE0E500CE8C68 /* NotificationSettingsPresenter.swift */ = {isa = PBXFileReference; lastKnownFileType = sourcecode.swift; path = NotificationSettingsPresenter.swift; sourceTree = "<group>"; };
		095CCC2820FCE0ED00CE8C68 /* NotificationSettingsRouter.swift */ = {isa = PBXFileReference; lastKnownFileType = sourcecode.swift; path = NotificationSettingsRouter.swift; sourceTree = "<group>"; };
		096D5FC020D4060900DA8D59 /* PushService.swift */ = {isa = PBXFileReference; lastKnownFileType = sourcecode.swift; path = PushService.swift; sourceTree = "<group>"; };
		0978430020E0CCFB000D577A /* DateConverter.swift */ = {isa = PBXFileReference; lastKnownFileType = sourcecode.swift; path = DateConverter.swift; sourceTree = "<group>"; };
		09B9F1E320E27A32002BBA65 /* Strings.swift */ = {isa = PBXFileReference; lastKnownFileType = sourcecode.swift; path = Strings.swift; sourceTree = "<group>"; };
		09B9F1E620E2839F002BBA65 /* DatePickerView.swift */ = {isa = PBXFileReference; lastKnownFileType = sourcecode.swift; path = DatePickerView.swift; sourceTree = "<group>"; };
		09E4EC5320C18FD900C67B45 /* CreateTaskViewController+Protocols.swift */ = {isa = PBXFileReference; lastKnownFileType = sourcecode.swift; path = "CreateTaskViewController+Protocols.swift"; sourceTree = "<group>"; };
		09F01AEA20BEDFE800CB4F5F /* DataManager.swift */ = {isa = PBXFileReference; lastKnownFileType = sourcecode.swift; path = DataManager.swift; sourceTree = "<group>"; };
		09F01AED20BEE0A500CB4F5F /* TaskModel.swift */ = {isa = PBXFileReference; lastKnownFileType = sourcecode.swift; path = TaskModel.swift; sourceTree = "<group>"; };
		09F01AF020BEE21D00CB4F5F /* App+AppDelegate.swift */ = {isa = PBXFileReference; lastKnownFileType = sourcecode.swift; path = "App+AppDelegate.swift"; sourceTree = "<group>"; };
		09F01AF320BEE3DA00CB4F5F /* TaskCell.swift */ = {isa = PBXFileReference; lastKnownFileType = sourcecode.swift; path = TaskCell.swift; sourceTree = "<group>"; };
		09F01AF520BEE58700CB4F5F /* TaskCell.xib */ = {isa = PBXFileReference; lastKnownFileType = file.xib; path = TaskCell.xib; sourceTree = "<group>"; };
		09F01AF720BEE80B00CB4F5F /* UIView+LoadFromNib.swift */ = {isa = PBXFileReference; fileEncoding = 4; lastKnownFileType = sourcecode.swift; path = "UIView+LoadFromNib.swift"; sourceTree = "<group>"; };
		09F01AFA20BEEBEB00CB4F5F /* TaskListViewController+TableDataSource.swift */ = {isa = PBXFileReference; lastKnownFileType = sourcecode.swift; path = "TaskListViewController+TableDataSource.swift"; sourceTree = "<group>"; };
		09F01B0320BEED0E00CB4F5F /* NSObject+StringFromClass.swift */ = {isa = PBXFileReference; fileEncoding = 4; lastKnownFileType = sourcecode.swift; path = "NSObject+StringFromClass.swift"; sourceTree = "<group>"; };
		09F01B0520BEF5FD00CB4F5F /* TableDataSource.swift */ = {isa = PBXFileReference; lastKnownFileType = sourcecode.swift; path = TableDataSource.swift; sourceTree = "<group>"; };
/* End PBXFileReference section */

/* Begin PBXFrameworksBuildPhase section */
		0953406820BE92B000FCA5DD /* Frameworks */ = {
			isa = PBXFrameworksBuildPhase;
			buildActionMask = 2147483647;
			files = (
			);
			runOnlyForDeploymentPostprocessing = 0;
		};
/* End PBXFrameworksBuildPhase section */

/* Begin PBXGroup section */
		0932C42720DA85FE00B18333 /* Push */ = {
			isa = PBXGroup;
			children = (
				096D5FC020D4060900DA8D59 /* PushService.swift */,
				0932C42820DA862200B18333 /* NotificationBuilder.swift */,
			);
			path = Push;
			sourceTree = "<group>";
		};
		0953406220BE92AF00FCA5DD = {
			isa = PBXGroup;
			children = (
				0953406D20BE92B000FCA5DD /* Todo List */,
				0953406C20BE92B000FCA5DD /* Products */,
			);
			sourceTree = "<group>";
		};
		0953406C20BE92B000FCA5DD /* Products */ = {
			isa = PBXGroup;
			children = (
				0953406B20BE92B000FCA5DD /* Todo List.app */,
			);
			name = Products;
			sourceTree = "<group>";
		};
		0953406D20BE92B000FCA5DD /* Todo List */ = {
			isa = PBXGroup;
			children = (
				09B9F1E520E28388002BBA65 /* Views */,
				097842FF20E0CC74000D577A /* Helpers */,
				09F01AEF20BEE18600CB4F5F /* Extensions */,
				0953409120BED89700FCA5DD /* Data */,
				0953408020BEC8FE00FCA5DD /* Modules */,
				0953406E20BE92B000FCA5DD /* AppDelegate.swift */,
				0953407020BE92B000FCA5DD /* ViewController.swift */,
				0953407220BE92B000FCA5DD /* Main.storyboard */,
				0953407520BE92B200FCA5DD /* Assets.xcassets */,
				0953407720BE92B200FCA5DD /* LaunchScreen.storyboard */,
				0953407A20BE92B200FCA5DD /* Info.plist */,
			);
			path = "Todo List";
			sourceTree = "<group>";
		};
		0953408020BEC8FE00FCA5DD /* Modules */ = {
			isa = PBXGroup;
			children = (
				095CCC1E20FCD1C800CE8C68 /* Notification Settings */,
				095870F020BFDE59005A4D6F /* Create Task */,
				0953408120BEC90C00FCA5DD /* Task List */,
			);
			path = Modules;
			sourceTree = "<group>";
		};
		0953408120BEC90C00FCA5DD /* Task List */ = {
			isa = PBXGroup;
			children = (
				0953408220BEC94300FCA5DD /* View */,
				0953408320BEC94A00FCA5DD /* Presenter */,
				0953408420BEC95300FCA5DD /* Router */,
			);
			path = "Task List";
			sourceTree = "<group>";
		};
		0953408220BEC94300FCA5DD /* View */ = {
			isa = PBXGroup;
			children = (
				09F01AF920BEE83400CB4F5F /* Cell */,
				0953408520BEC97700FCA5DD /* TaskListViewController.swift */,
				09F01AFA20BEEBEB00CB4F5F /* TaskListViewController+TableDataSource.swift */,
				0953408D20BED14C00FCA5DD /* TaskListViewController+Protocols.swift */,
			);
			path = View;
			sourceTree = "<group>";
		};
		0953408320BEC94A00FCA5DD /* Presenter */ = {
			isa = PBXGroup;
			children = (
				0953408B20BED11C00FCA5DD /* TaskListPresenter.swift */,
			);
			path = Presenter;
			sourceTree = "<group>";
		};
		0953408420BEC95300FCA5DD /* Router */ = {
			isa = PBXGroup;
			children = (
				0953408920BEC9BF00FCA5DD /* TaskListRouter.swift */,
			);
			path = Router;
			sourceTree = "<group>";
		};
		0953408F20BED3B500FCA5DD /* Managers */ = {
			isa = PBXGroup;
			children = (
				0953409420BEDB5800FCA5DD /* UserDefaultsDataManager.swift */,
				09F01AEA20BEDFE800CB4F5F /* DataManager.swift */,
			);
			path = Managers;
			sourceTree = "<group>";
		};
		0953409120BED89700FCA5DD /* Data */ = {
			isa = PBXGroup;
			children = (
				09B9F1E220E27A22002BBA65 /* Constants */,
				09F01AEC20BEE09800CB4F5F /* Models */,
				0953408F20BED3B500FCA5DD /* Managers */,
				09F01B0520BEF5FD00CB4F5F /* TableDataSource.swift */,
				0932C42720DA85FE00B18333 /* Push */,
			);
			path = Data;
			sourceTree = "<group>";
		};
		095870F020BFDE59005A4D6F /* Create Task */ = {
			isa = PBXGroup;
			children = (
				095870F320BFDE99005A4D6F /* View */,
				095870F220BFDE93005A4D6F /* Presenter */,
				095870F120BFDE8B005A4D6F /* Router */,
			);
			path = "Create Task";
			sourceTree = "<group>";
		};
		095870F120BFDE8B005A4D6F /* Router */ = {
			isa = PBXGroup;
			children = (
				095870F420BFDEAE005A4D6F /* CreateTaskRouter.swift */,
			);
			path = Router;
			sourceTree = "<group>";
		};
		095870F220BFDE93005A4D6F /* Presenter */ = {
			isa = PBXGroup;
			children = (
				095870F820BFDF2E005A4D6F /* CreateTaskPresenter.swift */,
			);
			path = Presenter;
			sourceTree = "<group>";
		};
		095870F320BFDE99005A4D6F /* View */ = {
			isa = PBXGroup;
			children = (
				095870F620BFDF00005A4D6F /* CreateTaskViewController.swift */,
				09E4EC5320C18FD900C67B45 /* CreateTaskViewController+Protocols.swift */,
			);
			path = View;
			sourceTree = "<group>";
		};
		095CCC1E20FCD1C800CE8C68 /* Notification Settings */ = {
			isa = PBXGroup;
			children = (
				095CCC2520FCE0CB00CE8C68 /* Router */,
				095CCC2420FCE0C400CE8C68 /* Presenter */,
				095CCC2320FCE0BB00CE8C68 /* View */,
			);
			path = "Notification Settings";
			sourceTree = "<group>";
		};
		095CCC2320FCE0BB00CE8C68 /* View */ = {
			isa = PBXGroup;
			children = (
				095CCC1F20FCD34B00CE8C68 /* NotificationSettingsViewController.swift */,
				09197DFE2107A685007A93DC /* NotificationSettingsViewController+Protocols.swift */,
				095CCC2120FCD36400CE8C68 /* NotificationSettingsViewController.storyboard */,
			);
			path = View;
			sourceTree = "<group>";
		};
		095CCC2420FCE0C400CE8C68 /* Presenter */ = {
			isa = PBXGroup;
			children = (
				095CCC2620FCE0E500CE8C68 /* NotificationSettingsPresenter.swift */,
			);
			path = Presenter;
			sourceTree = "<group>";
		};
		095CCC2520FCE0CB00CE8C68 /* Router */ = {
			isa = PBXGroup;
			children = (
				095CCC2820FCE0ED00CE8C68 /* NotificationSettingsRouter.swift */,
			);
			path = Router;
			sourceTree = "<group>";
		};
		097842FF20E0CC74000D577A /* Helpers */ = {
			isa = PBXGroup;
			children = (
				0978430020E0CCFB000D577A /* DateConverter.swift */,
			);
			path = Helpers;
			sourceTree = "<group>";
		};
		09B9F1E220E27A22002BBA65 /* Constants */ = {
			isa = PBXGroup;
			children = (
				09B9F1E320E27A32002BBA65 /* Strings.swift */,
			);
			path = Constants;
			sourceTree = "<group>";
		};
		09B9F1E520E28388002BBA65 /* Views */ = {
			isa = PBXGroup;
			children = (
				09B9F1E620E2839F002BBA65 /* DatePickerView.swift */,
				0943209020E5006B00587DE3 /* Alert.swift */,
			);
			path = Views;
			sourceTree = "<group>";
		};
		09F01AEC20BEE09800CB4F5F /* Models */ = {
			isa = PBXGroup;
			children = (
				09F01AED20BEE0A500CB4F5F /* TaskModel.swift */,
			);
			path = Models;
			sourceTree = "<group>";
		};
		09F01AEF20BEE18600CB4F5F /* Extensions */ = {
			isa = PBXGroup;
			children = (
				09F01B0320BEED0E00CB4F5F /* NSObject+StringFromClass.swift */,
				09F01AF720BEE80B00CB4F5F /* UIView+LoadFromNib.swift */,
				09F01AF020BEE21D00CB4F5F /* App+AppDelegate.swift */,
				09337FAB20C1848D00419B1D /* UIView+AddAnchor.swift */,
			);
			path = Extensions;
			sourceTree = "<group>";
		};
		09F01AF920BEE83400CB4F5F /* Cell */ = {
			isa = PBXGroup;
			children = (
				09F01AF320BEE3DA00CB4F5F /* TaskCell.swift */,
				09F01AF520BEE58700CB4F5F /* TaskCell.xib */,
			);
			path = Cell;
			sourceTree = "<group>";
		};
/* End PBXGroup section */

/* Begin PBXNativeTarget section */
		0953406A20BE92B000FCA5DD /* Todo List */ = {
			isa = PBXNativeTarget;
			buildConfigurationList = 0953407D20BE92B200FCA5DD /* Build configuration list for PBXNativeTarget "Todo List" */;
			buildPhases = (
				0953406720BE92B000FCA5DD /* Sources */,
				0953406820BE92B000FCA5DD /* Frameworks */,
				0953406920BE92B000FCA5DD /* Resources */,
			);
			buildRules = (
			);
			dependencies = (
			);
			name = "Todo List";
			productName = "Todo List";
			productReference = 0953406B20BE92B000FCA5DD /* Todo List.app */;
			productType = "com.apple.product-type.application";
		};
/* End PBXNativeTarget section */

/* Begin PBXProject section */
		0953406320BE92AF00FCA5DD /* Project object */ = {
			isa = PBXProject;
			attributes = {
				LastSwiftUpdateCheck = 0930;
				LastUpgradeCheck = 0930;
				ORGANIZATIONNAME = "Sergey Melnik";
				TargetAttributes = {
					0953406A20BE92B000FCA5DD = {
						CreatedOnToolsVersion = 9.3.1;
					};
				};
			};
			buildConfigurationList = 0953406620BE92AF00FCA5DD /* Build configuration list for PBXProject "Todo List" */;
			compatibilityVersion = "Xcode 9.3";
			developmentRegion = en;
			hasScannedForEncodings = 0;
			knownRegions = (
				en,
				Base,
			);
			mainGroup = 0953406220BE92AF00FCA5DD;
			productRefGroup = 0953406C20BE92B000FCA5DD /* Products */;
			projectDirPath = "";
			projectRoot = "";
			targets = (
				0953406A20BE92B000FCA5DD /* Todo List */,
			);
		};
/* End PBXProject section */

/* Begin PBXResourcesBuildPhase section */
		0953406920BE92B000FCA5DD /* Resources */ = {
			isa = PBXResourcesBuildPhase;
			buildActionMask = 2147483647;
			files = (
				095CCC2220FCD36400CE8C68 /* NotificationSettingsViewController.storyboard in Resources */,
				09F01AF620BEE58700CB4F5F /* TaskCell.xib in Resources */,
				0953407920BE92B200FCA5DD /* LaunchScreen.storyboard in Resources */,
				0953407620BE92B200FCA5DD /* Assets.xcassets in Resources */,
				0953407420BE92B000FCA5DD /* Main.storyboard in Resources */,
			);
			runOnlyForDeploymentPostprocessing = 0;
		};
/* End PBXResourcesBuildPhase section */

/* Begin PBXSourcesBuildPhase section */
		0953406720BE92B000FCA5DD /* Sources */ = {
			isa = PBXSourcesBuildPhase;
			buildActionMask = 2147483647;
			files = (
				09B9F1E420E27A32002BBA65 /* Strings.swift in Sources */,
				0953407120BE92B000FCA5DD /* ViewController.swift in Sources */,
				0953408C20BED11C00FCA5DD /* TaskListPresenter.swift in Sources */,
				0953406F20BE92B000FCA5DD /* AppDelegate.swift in Sources */,
				095CCC2920FCE0ED00CE8C68 /* NotificationSettingsRouter.swift in Sources */,
				09F01B0420BEED0F00CB4F5F /* NSObject+StringFromClass.swift in Sources */,
				095870F720BFDF00005A4D6F /* CreateTaskViewController.swift in Sources */,
				096D5FC120D4060900DA8D59 /* PushService.swift in Sources */,
				09B9F1E720E2839F002BBA65 /* DatePickerView.swift in Sources */,
				0932C42920DA862200B18333 /* NotificationBuilder.swift in Sources */,
				0953409520BEDB5800FCA5DD /* UserDefaultsDataManager.swift in Sources */,
				0953408E20BED14C00FCA5DD /* TaskListViewController+Protocols.swift in Sources */,
				0953408620BEC97700FCA5DD /* TaskListViewController.swift in Sources */,
				09337FAC20C1848D00419B1D /* UIView+AddAnchor.swift in Sources */,
				09F01B0620BEF5FD00CB4F5F /* TableDataSource.swift in Sources */,
				09F01AEB20BEDFE800CB4F5F /* DataManager.swift in Sources */,
				09197DFF2107A685007A93DC /* NotificationSettingsViewController+Protocols.swift in Sources */,
				095870F520BFDEAE005A4D6F /* CreateTaskRouter.swift in Sources */,
				095870F920BFDF2E005A4D6F /* CreateTaskPresenter.swift in Sources */,
				09E4EC5420C18FD900C67B45 /* CreateTaskViewController+Protocols.swift in Sources */,
				095CCC2720FCE0E500CE8C68 /* NotificationSettingsPresenter.swift in Sources */,
				0943209120E5006B00587DE3 /* Alert.swift in Sources */,
				09F01AF420BEE3DA00CB4F5F /* TaskCell.swift in Sources */,
				09F01AFB20BEEBEB00CB4F5F /* TaskListViewController+TableDataSource.swift in Sources */,
				09F01AF820BEE80B00CB4F5F /* UIView+LoadFromNib.swift in Sources */,
				0978430120E0CCFB000D577A /* DateConverter.swift in Sources */,
				09F01AEE20BEE0A500CB4F5F /* TaskModel.swift in Sources */,
				09F01AF120BEE21D00CB4F5F /* App+AppDelegate.swift in Sources */,
				0953408A20BEC9BF00FCA5DD /* TaskListRouter.swift in Sources */,
				095CCC2020FCD34B00CE8C68 /* NotificationSettingsViewController.swift in Sources */,
			);
			runOnlyForDeploymentPostprocessing = 0;
		};
/* End PBXSourcesBuildPhase section */

/* Begin PBXVariantGroup section */
		0953407220BE92B000FCA5DD /* Main.storyboard */ = {
			isa = PBXVariantGroup;
			children = (
				0953407320BE92B000FCA5DD /* Base */,
			);
			name = Main.storyboard;
			sourceTree = "<group>";
		};
		0953407720BE92B200FCA5DD /* LaunchScreen.storyboard */ = {
			isa = PBXVariantGroup;
			children = (
				0953407820BE92B200FCA5DD /* Base */,
			);
			name = LaunchScreen.storyboard;
			sourceTree = "<group>";
		};
/* End PBXVariantGroup section */

/* Begin XCBuildConfiguration section */
		0953407B20BE92B200FCA5DD /* Debug */ = {
			isa = XCBuildConfiguration;
			buildSettings = {
				ALWAYS_SEARCH_USER_PATHS = NO;
				CLANG_ANALYZER_NONNULL = YES;
				CLANG_ANALYZER_NUMBER_OBJECT_CONVERSION = YES_AGGRESSIVE;
				CLANG_CXX_LANGUAGE_STANDARD = "gnu++14";
				CLANG_CXX_LIBRARY = "libc++";
				CLANG_ENABLE_MODULES = YES;
				CLANG_ENABLE_OBJC_ARC = YES;
				CLANG_ENABLE_OBJC_WEAK = YES;
				CLANG_WARN_BLOCK_CAPTURE_AUTORELEASING = YES;
				CLANG_WARN_BOOL_CONVERSION = YES;
				CLANG_WARN_COMMA = YES;
				CLANG_WARN_CONSTANT_CONVERSION = YES;
				CLANG_WARN_DEPRECATED_OBJC_IMPLEMENTATIONS = YES;
				CLANG_WARN_DIRECT_OBJC_ISA_USAGE = YES_ERROR;
				CLANG_WARN_DOCUMENTATION_COMMENTS = YES;
				CLANG_WARN_EMPTY_BODY = YES;
				CLANG_WARN_ENUM_CONVERSION = YES;
				CLANG_WARN_INFINITE_RECURSION = YES;
				CLANG_WARN_INT_CONVERSION = YES;
				CLANG_WARN_NON_LITERAL_NULL_CONVERSION = YES;
				CLANG_WARN_OBJC_IMPLICIT_RETAIN_SELF = YES;
				CLANG_WARN_OBJC_LITERAL_CONVERSION = YES;
				CLANG_WARN_OBJC_ROOT_CLASS = YES_ERROR;
				CLANG_WARN_RANGE_LOOP_ANALYSIS = YES;
				CLANG_WARN_STRICT_PROTOTYPES = YES;
				CLANG_WARN_SUSPICIOUS_MOVE = YES;
				CLANG_WARN_UNGUARDED_AVAILABILITY = YES_AGGRESSIVE;
				CLANG_WARN_UNREACHABLE_CODE = YES;
				CLANG_WARN__DUPLICATE_METHOD_MATCH = YES;
				CODE_SIGN_IDENTITY = "iPhone Developer";
				COPY_PHASE_STRIP = NO;
				DEBUG_INFORMATION_FORMAT = dwarf;
				ENABLE_STRICT_OBJC_MSGSEND = YES;
				ENABLE_TESTABILITY = YES;
				GCC_C_LANGUAGE_STANDARD = gnu11;
				GCC_DYNAMIC_NO_PIC = NO;
				GCC_NO_COMMON_BLOCKS = YES;
				GCC_OPTIMIZATION_LEVEL = 0;
				GCC_PREPROCESSOR_DEFINITIONS = (
					"DEBUG=1",
					"$(inherited)",
				);
				GCC_WARN_64_TO_32_BIT_CONVERSION = YES;
				GCC_WARN_ABOUT_RETURN_TYPE = YES_ERROR;
				GCC_WARN_UNDECLARED_SELECTOR = YES;
				GCC_WARN_UNINITIALIZED_AUTOS = YES_AGGRESSIVE;
				GCC_WARN_UNUSED_FUNCTION = YES;
				GCC_WARN_UNUSED_VARIABLE = YES;
				IPHONEOS_DEPLOYMENT_TARGET = 11.3;
				MTL_ENABLE_DEBUG_INFO = YES;
				ONLY_ACTIVE_ARCH = YES;
				SDKROOT = iphoneos;
				SWIFT_ACTIVE_COMPILATION_CONDITIONS = DEBUG;
				SWIFT_OPTIMIZATION_LEVEL = "-Onone";
			};
			name = Debug;
		};
		0953407C20BE92B200FCA5DD /* Release */ = {
			isa = XCBuildConfiguration;
			buildSettings = {
				ALWAYS_SEARCH_USER_PATHS = NO;
				CLANG_ANALYZER_NONNULL = YES;
				CLANG_ANALYZER_NUMBER_OBJECT_CONVERSION = YES_AGGRESSIVE;
				CLANG_CXX_LANGUAGE_STANDARD = "gnu++14";
				CLANG_CXX_LIBRARY = "libc++";
				CLANG_ENABLE_MODULES = YES;
				CLANG_ENABLE_OBJC_ARC = YES;
				CLANG_ENABLE_OBJC_WEAK = YES;
				CLANG_WARN_BLOCK_CAPTURE_AUTORELEASING = YES;
				CLANG_WARN_BOOL_CONVERSION = YES;
				CLANG_WARN_COMMA = YES;
				CLANG_WARN_CONSTANT_CONVERSION = YES;
				CLANG_WARN_DEPRECATED_OBJC_IMPLEMENTATIONS = YES;
				CLANG_WARN_DIRECT_OBJC_ISA_USAGE = YES_ERROR;
				CLANG_WARN_DOCUMENTATION_COMMENTS = YES;
				CLANG_WARN_EMPTY_BODY = YES;
				CLANG_WARN_ENUM_CONVERSION = YES;
				CLANG_WARN_INFINITE_RECURSION = YES;
				CLANG_WARN_INT_CONVERSION = YES;
				CLANG_WARN_NON_LITERAL_NULL_CONVERSION = YES;
				CLANG_WARN_OBJC_IMPLICIT_RETAIN_SELF = YES;
				CLANG_WARN_OBJC_LITERAL_CONVERSION = YES;
				CLANG_WARN_OBJC_ROOT_CLASS = YES_ERROR;
				CLANG_WARN_RANGE_LOOP_ANALYSIS = YES;
				CLANG_WARN_STRICT_PROTOTYPES = YES;
				CLANG_WARN_SUSPICIOUS_MOVE = YES;
				CLANG_WARN_UNGUARDED_AVAILABILITY = YES_AGGRESSIVE;
				CLANG_WARN_UNREACHABLE_CODE = YES;
				CLANG_WARN__DUPLICATE_METHOD_MATCH = YES;
				CODE_SIGN_IDENTITY = "iPhone Developer";
				COPY_PHASE_STRIP = NO;
				DEBUG_INFORMATION_FORMAT = "dwarf-with-dsym";
				ENABLE_NS_ASSERTIONS = NO;
				ENABLE_STRICT_OBJC_MSGSEND = YES;
				GCC_C_LANGUAGE_STANDARD = gnu11;
				GCC_NO_COMMON_BLOCKS = YES;
				GCC_WARN_64_TO_32_BIT_CONVERSION = YES;
				GCC_WARN_ABOUT_RETURN_TYPE = YES_ERROR;
				GCC_WARN_UNDECLARED_SELECTOR = YES;
				GCC_WARN_UNINITIALIZED_AUTOS = YES_AGGRESSIVE;
				GCC_WARN_UNUSED_FUNCTION = YES;
				GCC_WARN_UNUSED_VARIABLE = YES;
				IPHONEOS_DEPLOYMENT_TARGET = 11.3;
				MTL_ENABLE_DEBUG_INFO = NO;
				SDKROOT = iphoneos;
				SWIFT_COMPILATION_MODE = wholemodule;
				SWIFT_OPTIMIZATION_LEVEL = "-O";
				VALIDATE_PRODUCT = YES;
			};
			name = Release;
		};
		0953407E20BE92B200FCA5DD /* Debug */ = {
			isa = XCBuildConfiguration;
			buildSettings = {
				ASSETCATALOG_COMPILER_APPICON_NAME = AppIcon;
				CODE_SIGN_STYLE = Automatic;
				DEVELOPMENT_TEAM = H5UJ9TZ42Q;
				INFOPLIST_FILE = "Todo List/Info.plist";
				LD_RUNPATH_SEARCH_PATHS = (
					"$(inherited)",
					"@executable_path/Frameworks",
				);
				PRODUCT_BUNDLE_IDENTIFIER = com.aimprosoft.FirebaseTestApplication;
				PRODUCT_NAME = "$(TARGET_NAME)";
				SWIFT_VERSION = 4.0;
				TARGETED_DEVICE_FAMILY = "1,2";
			};
			name = Debug;
		};
		0953407F20BE92B200FCA5DD /* Release */ = {
			isa = XCBuildConfiguration;
			buildSettings = {
				ASSETCATALOG_COMPILER_APPICON_NAME = AppIcon;
				CODE_SIGN_STYLE = Automatic;
				DEVELOPMENT_TEAM = H5UJ9TZ42Q;
				INFOPLIST_FILE = "Todo List/Info.plist";
				LD_RUNPATH_SEARCH_PATHS = (
					"$(inherited)",
					"@executable_path/Frameworks",
				);
				PRODUCT_BUNDLE_IDENTIFIER = com.aimprosoft.FirebaseTestApplication;
				PRODUCT_NAME = "$(TARGET_NAME)";
				SWIFT_VERSION = 4.0;
				TARGETED_DEVICE_FAMILY = "1,2";
			};
			name = Release;
		};
/* End XCBuildConfiguration section */

/* Begin XCConfigurationList section */
		0953406620BE92AF00FCA5DD /* Build configuration list for PBXProject "Todo List" */ = {
			isa = XCConfigurationList;
			buildConfigurations = (
				0953407B20BE92B200FCA5DD /* Debug */,
				0953407C20BE92B200FCA5DD /* Release */,
			);
			defaultConfigurationIsVisible = 0;
			defaultConfigurationName = Release;
		};
		0953407D20BE92B200FCA5DD /* Build configuration list for PBXNativeTarget "Todo List" */ = {
			isa = XCConfigurationList;
			buildConfigurations = (
				0953407E20BE92B200FCA5DD /* Debug */,
				0953407F20BE92B200FCA5DD /* Release */,
			);
			defaultConfigurationIsVisible = 0;
			defaultConfigurationName = Release;
		};
/* End XCConfigurationList section */
	};
	rootObject = 0953406320BE92AF00FCA5DD /* Project object */;
}
